// !$*UTF8*$!
{
	archiveVersion = 1;
	classes = {
	};
	objectVersion = 50;
	objects = {

/* Begin PBXBuildFile section */
		320CBC2F2047F5E900979C9C /* rover.dae in Resources */ = {isa = PBXBuildFile; fileRef = 320CBC2E2047F5E900979C9C /* rover.dae */; };
		320EBFD42047146200EDA8C7 /* car.dae in Resources */ = {isa = PBXBuildFile; fileRef = 320EBFD32047146200EDA8C7 /* car.dae */; };
		320EBFD620471BCB00EDA8C7 /* mars.jpg in Resources */ = {isa = PBXBuildFile; fileRef = 320EBFD520471BCB00EDA8C7 /* mars.jpg */; };
		320EBFD8204723A200EDA8C7 /* SCNVector3+MathUtils.swift in Sources */ = {isa = PBXBuildFile; fileRef = 320EBFD7204723A200EDA8C7 /* SCNVector3+MathUtils.swift */; };
		320EBFDA2047282700EDA8C7 /* RobotInterface.swift in Sources */ = {isa = PBXBuildFile; fileRef = 320EBFD92047282700EDA8C7 /* RobotInterface.swift */; };
		613D3AA52047611800783D35 /* StatusViewController.swift in Sources */ = {isa = PBXBuildFile; fileRef = 613D3AA42047611700783D35 /* StatusViewController.swift */; };
		613D3AB02047780200783D35 /* Main.storyboard in Resources */ = {isa = PBXBuildFile; fileRef = 613D3AAF2047780200783D35 /* Main.storyboard */; };
		61BD03F02046D115007EAAE9 /* AppDelegate.swift in Sources */ = {isa = PBXBuildFile; fileRef = 61BD03EF2046D115007EAAE9 /* AppDelegate.swift */; };
		61BD03F22046D115007EAAE9 /* art.scnassets in Resources */ = {isa = PBXBuildFile; fileRef = 61BD03F12046D115007EAAE9 /* art.scnassets */; };
		61BD03F42046D115007EAAE9 /* ViewController.swift in Sources */ = {isa = PBXBuildFile; fileRef = 61BD03F32046D115007EAAE9 /* ViewController.swift */; };
		61BD03F92046D117007EAAE9 /* Assets.xcassets in Resources */ = {isa = PBXBuildFile; fileRef = 61BD03F82046D117007EAAE9 /* Assets.xcassets */; };
		61BD03FC2046D117007EAAE9 /* LaunchScreen.storyboard in Resources */ = {isa = PBXBuildFile; fileRef = 61BD03FA2046D117007EAAE9 /* LaunchScreen.storyboard */; };
		61BD04072046D117007EAAE9 /* spaceHackathonTests.swift in Sources */ = {isa = PBXBuildFile; fileRef = 61BD04062046D117007EAAE9 /* spaceHackathonTests.swift */; };
/* End PBXBuildFile section */

/* Begin PBXContainerItemProxy section */
		61BD04032046D117007EAAE9 /* PBXContainerItemProxy */ = {
			isa = PBXContainerItemProxy;
			containerPortal = 61BD03E42046D115007EAAE9 /* Project object */;
			proxyType = 1;
			remoteGlobalIDString = 61BD03EB2046D115007EAAE9;
			remoteInfo = spaceHackathon;
		};
/* End PBXContainerItemProxy section */

/* Begin PBXFileReference section */
		320CBC2E2047F5E900979C9C /* rover.dae */ = {isa = PBXFileReference; fileEncoding = 4; lastKnownFileType = text.xml.dae; path = rover.dae; sourceTree = SOURCE_ROOT; };
		320EBFD32047146200EDA8C7 /* car.dae */ = {isa = PBXFileReference; fileEncoding = 4; lastKnownFileType = text.xml.dae; path = car.dae; sourceTree = "<group>"; };
		320EBFD520471BCB00EDA8C7 /* mars.jpg */ = {isa = PBXFileReference; lastKnownFileType = image.jpeg; path = mars.jpg; sourceTree = "<group>"; };
		320EBFD7204723A200EDA8C7 /* SCNVector3+MathUtils.swift */ = {isa = PBXFileReference; lastKnownFileType = sourcecode.swift; path = "SCNVector3+MathUtils.swift"; sourceTree = "<group>"; };
		320EBFD92047282700EDA8C7 /* RobotInterface.swift */ = {isa = PBXFileReference; lastKnownFileType = sourcecode.swift; path = RobotInterface.swift; sourceTree = "<group>"; };
		613D3AA42047611700783D35 /* StatusViewController.swift */ = {isa = PBXFileReference; fileEncoding = 4; lastKnownFileType = sourcecode.swift; path = StatusViewController.swift; sourceTree = "<group>"; };
		613D3AAF2047780200783D35 /* Main.storyboard */ = {isa = PBXFileReference; fileEncoding = 4; lastKnownFileType = file.storyboard; path = Main.storyboard; sourceTree = "<group>"; };
		61BD03EC2046D115007EAAE9 /* spaceHackathon.app */ = {isa = PBXFileReference; explicitFileType = wrapper.application; includeInIndex = 0; path = spaceHackathon.app; sourceTree = BUILT_PRODUCTS_DIR; };
		61BD03EF2046D115007EAAE9 /* AppDelegate.swift */ = {isa = PBXFileReference; lastKnownFileType = sourcecode.swift; path = AppDelegate.swift; sourceTree = "<group>"; };
		61BD03F12046D115007EAAE9 /* art.scnassets */ = {isa = PBXFileReference; lastKnownFileType = wrapper.scnassets; path = art.scnassets; sourceTree = "<group>"; };
		61BD03F32046D115007EAAE9 /* ViewController.swift */ = {isa = PBXFileReference; lastKnownFileType = sourcecode.swift; path = ViewController.swift; sourceTree = "<group>"; };
		61BD03F82046D117007EAAE9 /* Assets.xcassets */ = {isa = PBXFileReference; lastKnownFileType = folder.assetcatalog; path = Assets.xcassets; sourceTree = "<group>"; };
		61BD03FB2046D117007EAAE9 /* Base */ = {isa = PBXFileReference; lastKnownFileType = file.storyboard; name = Base; path = Base.lproj/LaunchScreen.storyboard; sourceTree = "<group>"; };
		61BD03FD2046D117007EAAE9 /* Info.plist */ = {isa = PBXFileReference; lastKnownFileType = text.plist.xml; path = Info.plist; sourceTree = "<group>"; };
		61BD04022046D117007EAAE9 /* spaceHackathonTests.xctest */ = {isa = PBXFileReference; explicitFileType = wrapper.cfbundle; includeInIndex = 0; path = spaceHackathonTests.xctest; sourceTree = BUILT_PRODUCTS_DIR; };
		61BD04062046D117007EAAE9 /* spaceHackathonTests.swift */ = {isa = PBXFileReference; lastKnownFileType = sourcecode.swift; path = spaceHackathonTests.swift; sourceTree = "<group>"; };
		61BD04082046D117007EAAE9 /* Info.plist */ = {isa = PBXFileReference; lastKnownFileType = text.plist.xml; path = Info.plist; sourceTree = "<group>"; };
/* End PBXFileReference section */

/* Begin PBXFrameworksBuildPhase section */
		61BD03E92046D115007EAAE9 /* Frameworks */ = {
			isa = PBXFrameworksBuildPhase;
			buildActionMask = 2147483647;
			files = (
			);
			runOnlyForDeploymentPostprocessing = 0;
		};
		61BD03FF2046D117007EAAE9 /* Frameworks */ = {
			isa = PBXFrameworksBuildPhase;
			buildActionMask = 2147483647;
			files = (
			);
			runOnlyForDeploymentPostprocessing = 0;
		};
/* End PBXFrameworksBuildPhase section */

/* Begin PBXGroup section */
		61BD03E32046D115007EAAE9 = {
			isa = PBXGroup;
			children = (
				61BD03EE2046D115007EAAE9 /* spaceHackathon */,
				61BD04052046D117007EAAE9 /* spaceHackathonTests */,
				61BD03ED2046D115007EAAE9 /* Products */,
			);
			sourceTree = "<group>";
		};
		61BD03ED2046D115007EAAE9 /* Products */ = {
			isa = PBXGroup;
			children = (
				61BD03EC2046D115007EAAE9 /* spaceHackathon.app */,
				61BD04022046D117007EAAE9 /* spaceHackathonTests.xctest */,
			);
			name = Products;
			sourceTree = "<group>";
		};
		61BD03EE2046D115007EAAE9 /* spaceHackathon */ = {
			isa = PBXGroup;
			children = (
				61BD03EF2046D115007EAAE9 /* AppDelegate.swift */,
				61BD03F12046D115007EAAE9 /* art.scnassets */,
				61BD03F32046D115007EAAE9 /* ViewController.swift */,
				613D3AA42047611700783D35 /* StatusViewController.swift */,
				61BD03F82046D117007EAAE9 /* Assets.xcassets */,
				61BD03FA2046D117007EAAE9 /* LaunchScreen.storyboard */,
				613D3AAF2047780200783D35 /* Main.storyboard */,
				320EBFD520471BCB00EDA8C7 /* mars.jpg */,
				61BD03FD2046D117007EAAE9 /* Info.plist */,
				320EBFD32047146200EDA8C7 /* car.dae */,
				320EBFD7204723A200EDA8C7 /* SCNVector3+MathUtils.swift */,
				320EBFD92047282700EDA8C7 /* RobotInterface.swift */,
				320CBC2E2047F5E900979C9C /* rover.dae */,
			);
			path = spaceHackathon;
			sourceTree = "<group>";
		};
		61BD04052046D117007EAAE9 /* spaceHackathonTests */ = {
			isa = PBXGroup;
			children = (
				61BD04062046D117007EAAE9 /* spaceHackathonTests.swift */,
				61BD04082046D117007EAAE9 /* Info.plist */,
			);
			path = spaceHackathonTests;
			sourceTree = "<group>";
		};
/* End PBXGroup section */

/* Begin PBXNativeTarget section */
		61BD03EB2046D115007EAAE9 /* spaceHackathon */ = {
			isa = PBXNativeTarget;
			buildConfigurationList = 61BD040B2046D117007EAAE9 /* Build configuration list for PBXNativeTarget "spaceHackathon" */;
			buildPhases = (
				61BD03E82046D115007EAAE9 /* Sources */,
				61BD03E92046D115007EAAE9 /* Frameworks */,
				61BD03EA2046D115007EAAE9 /* Resources */,
			);
			buildRules = (
			);
			dependencies = (
			);
			name = spaceHackathon;
			productName = spaceHackathon;
			productReference = 61BD03EC2046D115007EAAE9 /* spaceHackathon.app */;
			productType = "com.apple.product-type.application";
		};
		61BD04012046D117007EAAE9 /* spaceHackathonTests */ = {
			isa = PBXNativeTarget;
			buildConfigurationList = 61BD040E2046D117007EAAE9 /* Build configuration list for PBXNativeTarget "spaceHackathonTests" */;
			buildPhases = (
				61BD03FE2046D117007EAAE9 /* Sources */,
				61BD03FF2046D117007EAAE9 /* Frameworks */,
				61BD04002046D117007EAAE9 /* Resources */,
			);
			buildRules = (
			);
			dependencies = (
				61BD04042046D117007EAAE9 /* PBXTargetDependency */,
			);
			name = spaceHackathonTests;
			productName = spaceHackathonTests;
			productReference = 61BD04022046D117007EAAE9 /* spaceHackathonTests.xctest */;
			productType = "com.apple.product-type.bundle.unit-test";
		};
/* End PBXNativeTarget section */

/* Begin PBXProject section */
		61BD03E42046D115007EAAE9 /* Project object */ = {
			isa = PBXProject;
			attributes = {
				LastSwiftUpdateCheck = 0930;
				LastUpgradeCheck = 0930;
				ORGANIZATIONNAME = "Orsolya Lukacs-Kisbandi";
				TargetAttributes = {
					61BD03EB2046D115007EAAE9 = {
						CreatedOnToolsVersion = 9.3;
					};
					61BD04012046D117007EAAE9 = {
						CreatedOnToolsVersion = 9.3;
						TestTargetID = 61BD03EB2046D115007EAAE9;
					};
				};
			};
			buildConfigurationList = 61BD03E72046D115007EAAE9 /* Build configuration list for PBXProject "spaceHackathon" */;
			compatibilityVersion = "Xcode 9.3";
			developmentRegion = en;
			hasScannedForEncodings = 0;
			knownRegions = (
				en,
				Base,
			);
			mainGroup = 61BD03E32046D115007EAAE9;
			productRefGroup = 61BD03ED2046D115007EAAE9 /* Products */;
			projectDirPath = "";
			projectRoot = "";
			targets = (
				61BD03EB2046D115007EAAE9 /* spaceHackathon */,
				61BD04012046D117007EAAE9 /* spaceHackathonTests */,
			);
		};
/* End PBXProject section */

/* Begin PBXResourcesBuildPhase section */
		61BD03EA2046D115007EAAE9 /* Resources */ = {
			isa = PBXResourcesBuildPhase;
			buildActionMask = 2147483647;
			files = (
				613D3AB02047780200783D35 /* Main.storyboard in Resources */,
				61BD03F22046D115007EAAE9 /* art.scnassets in Resources */,
				61BD03FC2046D117007EAAE9 /* LaunchScreen.storyboard in Resources */,
				61BD03F92046D117007EAAE9 /* Assets.xcassets in Resources */,
				320CBC2F2047F5E900979C9C /* rover.dae in Resources */,
				320EBFD42047146200EDA8C7 /* car.dae in Resources */,
				320EBFD620471BCB00EDA8C7 /* mars.jpg in Resources */,
			);
			runOnlyForDeploymentPostprocessing = 0;
		};
		61BD04002046D117007EAAE9 /* Resources */ = {
			isa = PBXResourcesBuildPhase;
			buildActionMask = 2147483647;
			files = (
			);
			runOnlyForDeploymentPostprocessing = 0;
		};
/* End PBXResourcesBuildPhase section */

/* Begin PBXSourcesBuildPhase section */
		61BD03E82046D115007EAAE9 /* Sources */ = {
			isa = PBXSourcesBuildPhase;
			buildActionMask = 2147483647;
			files = (
				61BD03F42046D115007EAAE9 /* ViewController.swift in Sources */,
				320EBFD8204723A200EDA8C7 /* SCNVector3+MathUtils.swift in Sources */,
				320EBFDA2047282700EDA8C7 /* RobotInterface.swift in Sources */,
				61BD03F02046D115007EAAE9 /* AppDelegate.swift in Sources */,
				613D3AA52047611800783D35 /* StatusViewController.swift in Sources */,
			);
			runOnlyForDeploymentPostprocessing = 0;
		};
		61BD03FE2046D117007EAAE9 /* Sources */ = {
			isa = PBXSourcesBuildPhase;
			buildActionMask = 2147483647;
			files = (
				61BD04072046D117007EAAE9 /* spaceHackathonTests.swift in Sources */,
			);
			runOnlyForDeploymentPostprocessing = 0;
		};
/* End PBXSourcesBuildPhase section */

/* Begin PBXTargetDependency section */
		61BD04042046D117007EAAE9 /* PBXTargetDependency */ = {
			isa = PBXTargetDependency;
			target = 61BD03EB2046D115007EAAE9 /* spaceHackathon */;
			targetProxy = 61BD04032046D117007EAAE9 /* PBXContainerItemProxy */;
		};
/* End PBXTargetDependency section */

/* Begin PBXVariantGroup section */
		61BD03FA2046D117007EAAE9 /* LaunchScreen.storyboard */ = {
			isa = PBXVariantGroup;
			children = (
				61BD03FB2046D117007EAAE9 /* Base */,
			);
			name = LaunchScreen.storyboard;
			sourceTree = "<group>";
		};
/* End PBXVariantGroup section */

/* Begin XCBuildConfiguration section */
		61BD04092046D117007EAAE9 /* Debug */ = {
			isa = XCBuildConfiguration;
			buildSettings = {
				ALWAYS_SEARCH_USER_PATHS = NO;
				CLANG_ANALYZER_NONNULL = YES;
				CLANG_ANALYZER_NUMBER_OBJECT_CONVERSION = YES_AGGRESSIVE;
				CLANG_CXX_LANGUAGE_STANDARD = "gnu++14";
				CLANG_CXX_LIBRARY = "libc++";
				CLANG_ENABLE_MODULES = YES;
				CLANG_ENABLE_OBJC_ARC = YES;
				CLANG_ENABLE_OBJC_WEAK = YES;
				CLANG_WARN_BLOCK_CAPTURE_AUTORELEASING = YES;
				CLANG_WARN_BOOL_CONVERSION = YES;
				CLANG_WARN_COMMA = YES;
				CLANG_WARN_CONSTANT_CONVERSION = YES;
				CLANG_WARN_DEPRECATED_OBJC_IMPLEMENTATIONS = YES;
				CLANG_WARN_DIRECT_OBJC_ISA_USAGE = YES_ERROR;
				CLANG_WARN_DOCUMENTATION_COMMENTS = YES;
				CLANG_WARN_EMPTY_BODY = YES;
				CLANG_WARN_ENUM_CONVERSION = YES;
				CLANG_WARN_INFINITE_RECURSION = YES;
				CLANG_WARN_INT_CONVERSION = YES;
				CLANG_WARN_NON_LITERAL_NULL_CONVERSION = YES;
				CLANG_WARN_OBJC_IMPLICIT_RETAIN_SELF = YES;
				CLANG_WARN_OBJC_LITERAL_CONVERSION = YES;
				CLANG_WARN_OBJC_ROOT_CLASS = YES_ERROR;
				CLANG_WARN_RANGE_LOOP_ANALYSIS = YES;
				CLANG_WARN_STRICT_PROTOTYPES = YES;
				CLANG_WARN_SUSPICIOUS_MOVE = YES;
				CLANG_WARN_UNGUARDED_AVAILABILITY = YES_AGGRESSIVE;
				CLANG_WARN_UNREACHABLE_CODE = YES;
				CLANG_WARN__DUPLICATE_METHOD_MATCH = YES;
				CODE_SIGN_IDENTITY = "iPhone Developer";
				COPY_PHASE_STRIP = NO;
				DEBUG_INFORMATION_FORMAT = dwarf;
				ENABLE_STRICT_OBJC_MSGSEND = YES;
				ENABLE_TESTABILITY = YES;
				GCC_C_LANGUAGE_STANDARD = gnu11;
				GCC_DYNAMIC_NO_PIC = NO;
				GCC_NO_COMMON_BLOCKS = YES;
				GCC_OPTIMIZATION_LEVEL = 0;
				GCC_PREPROCESSOR_DEFINITIONS = (
					"DEBUG=1",
					"$(inherited)",
				);
				GCC_WARN_64_TO_32_BIT_CONVERSION = YES;
				GCC_WARN_ABOUT_RETURN_TYPE = YES_ERROR;
				GCC_WARN_UNDECLARED_SELECTOR = YES;
				GCC_WARN_UNINITIALIZED_AUTOS = YES_AGGRESSIVE;
				GCC_WARN_UNUSED_FUNCTION = YES;
				GCC_WARN_UNUSED_VARIABLE = YES;
				IPHONEOS_DEPLOYMENT_TARGET = 11.3;
				MTL_ENABLE_DEBUG_INFO = YES;
				ONLY_ACTIVE_ARCH = YES;
				SDKROOT = iphoneos;
				SWIFT_ACTIVE_COMPILATION_CONDITIONS = DEBUG;
				SWIFT_OPTIMIZATION_LEVEL = "-Onone";
			};
			name = Debug;
		};
		61BD040A2046D117007EAAE9 /* Release */ = {
			isa = XCBuildConfiguration;
			buildSettings = {
				ALWAYS_SEARCH_USER_PATHS = NO;
				CLANG_ANALYZER_NONNULL = YES;
				CLANG_ANALYZER_NUMBER_OBJECT_CONVERSION = YES_AGGRESSIVE;
				CLANG_CXX_LANGUAGE_STANDARD = "gnu++14";
				CLANG_CXX_LIBRARY = "libc++";
				CLANG_ENABLE_MODULES = YES;
				CLANG_ENABLE_OBJC_ARC = YES;
				CLANG_ENABLE_OBJC_WEAK = YES;
				CLANG_WARN_BLOCK_CAPTURE_AUTORELEASING = YES;
				CLANG_WARN_BOOL_CONVERSION = YES;
				CLANG_WARN_COMMA = YES;
				CLANG_WARN_CONSTANT_CONVERSION = YES;
				CLANG_WARN_DEPRECATED_OBJC_IMPLEMENTATIONS = YES;
				CLANG_WARN_DIRECT_OBJC_ISA_USAGE = YES_ERROR;
				CLANG_WARN_DOCUMENTATION_COMMENTS = YES;
				CLANG_WARN_EMPTY_BODY = YES;
				CLANG_WARN_ENUM_CONVERSION = YES;
				CLANG_WARN_INFINITE_RECURSION = YES;
				CLANG_WARN_INT_CONVERSION = YES;
				CLANG_WARN_NON_LITERAL_NULL_CONVERSION = YES;
				CLANG_WARN_OBJC_IMPLICIT_RETAIN_SELF = YES;
				CLANG_WARN_OBJC_LITERAL_CONVERSION = YES;
				CLANG_WARN_OBJC_ROOT_CLASS = YES_ERROR;
				CLANG_WARN_RANGE_LOOP_ANALYSIS = YES;
				CLANG_WARN_STRICT_PROTOTYPES = YES;
				CLANG_WARN_SUSPICIOUS_MOVE = YES;
				CLANG_WARN_UNGUARDED_AVAILABILITY = YES_AGGRESSIVE;
				CLANG_WARN_UNREACHABLE_CODE = YES;
				CLANG_WARN__DUPLICATE_METHOD_MATCH = YES;
				CODE_SIGN_IDENTITY = "iPhone Developer";
				COPY_PHASE_STRIP = NO;
				DEBUG_INFORMATION_FORMAT = "dwarf-with-dsym";
				ENABLE_NS_ASSERTIONS = NO;
				ENABLE_STRICT_OBJC_MSGSEND = YES;
				GCC_C_LANGUAGE_STANDARD = gnu11;
				GCC_NO_COMMON_BLOCKS = YES;
				GCC_WARN_64_TO_32_BIT_CONVERSION = YES;
				GCC_WARN_ABOUT_RETURN_TYPE = YES_ERROR;
				GCC_WARN_UNDECLARED_SELECTOR = YES;
				GCC_WARN_UNINITIALIZED_AUTOS = YES_AGGRESSIVE;
				GCC_WARN_UNUSED_FUNCTION = YES;
				GCC_WARN_UNUSED_VARIABLE = YES;
				IPHONEOS_DEPLOYMENT_TARGET = 11.3;
				MTL_ENABLE_DEBUG_INFO = NO;
				SDKROOT = iphoneos;
				SWIFT_OPTIMIZATION_LEVEL = "-Owholemodule";
				VALIDATE_PRODUCT = YES;
			};
			name = Release;
		};
		61BD040C2046D117007EAAE9 /* Debug */ = {
			isa = XCBuildConfiguration;
			buildSettings = {
				ASSETCATALOG_COMPILER_APPICON_NAME = AppIcon;
				CODE_SIGN_STYLE = Automatic;
				DEVELOPMENT_TEAM = 9DDTDG8F4Q;
				INFOPLIST_FILE = spaceHackathon/Info.plist;
				LD_RUNPATH_SEARCH_PATHS = (
					"$(inherited)",
					"@executable_path/Frameworks",
				);
				PRODUCT_BUNDLE_IDENTIFIER = com.johng;
				PRODUCT_NAME = "$(TARGET_NAME)";
				SWIFT_VERSION = 4.0;
				TARGETED_DEVICE_FAMILY = "1,2";
			};
			name = Debug;
		};
		61BD040D2046D117007EAAE9 /* Release */ = {
			isa = XCBuildConfiguration;
			buildSettings = {
				ASSETCATALOG_COMPILER_APPICON_NAME = AppIcon;
				CODE_SIGN_STYLE = Automatic;
				DEVELOPMENT_TEAM = 9DDTDG8F4Q;
				INFOPLIST_FILE = spaceHackathon/Info.plist;
				LD_RUNPATH_SEARCH_PATHS = (
					"$(inherited)",
					"@executable_path/Frameworks",
				);
				PRODUCT_BUNDLE_IDENTIFIER = com.johng;
				PRODUCT_NAME = "$(TARGET_NAME)";
				SWIFT_VERSION = 4.0;
				TARGETED_DEVICE_FAMILY = "1,2";
			};
			name = Release;
		};
		61BD040F2046D117007EAAE9 /* Debug */ = {
			isa = XCBuildConfiguration;
			buildSettings = {
				ALWAYS_EMBED_SWIFT_STANDARD_LIBRARIES = YES;
				BUNDLE_LOADER = "$(TEST_HOST)";
				CODE_SIGN_STYLE = Automatic;
				DEVELOPMENT_TEAM = 647T4TNNN6;
				INFOPLIST_FILE = spaceHackathonTests/Info.plist;
				LD_RUNPATH_SEARCH_PATHS = (
					"$(inherited)",
					"@executable_path/Frameworks",
					"@loader_path/Frameworks",
				);
				PRODUCT_BUNDLE_IDENTIFIER = OrsiLukacs.spaceHackathonTests;
				PRODUCT_NAME = "$(TARGET_NAME)";
				SWIFT_VERSION = 4.0;
				TARGETED_DEVICE_FAMILY = "1,2";
				TEST_HOST = "$(BUILT_PRODUCTS_DIR)/spaceHackathon.app/spaceHackathon";
			};
			name = Debug;
		};
		61BD04102046D117007EAAE9 /* Release */ = {
			isa = XCBuildConfiguration;
			buildSettings = {
				ALWAYS_EMBED_SWIFT_STANDARD_LIBRARIES = YES;
				BUNDLE_LOADER = "$(TEST_HOST)";
				CODE_SIGN_STYLE = Automatic;
				DEVELOPMENT_TEAM = 647T4TNNN6;
				INFOPLIST_FILE = spaceHackathonTests/Info.plist;
				LD_RUNPATH_SEARCH_PATHS = (
					"$(inherited)",
					"@executable_path/Frameworks",
					"@loader_path/Frameworks",
				);
				PRODUCT_BUNDLE_IDENTIFIER = OrsiLukacs.spaceHackathonTests;
				PRODUCT_NAME = "$(TARGET_NAME)";
				SWIFT_VERSION = 4.0;
				TARGETED_DEVICE_FAMILY = "1,2";
				TEST_HOST = "$(BUILT_PRODUCTS_DIR)/spaceHackathon.app/spaceHackathon";
			};
			name = Release;
		};
/* End XCBuildConfiguration section */

/* Begin XCConfigurationList section */
		61BD03E72046D115007EAAE9 /* Build configuration list for PBXProject "spaceHackathon" */ = {
			isa = XCConfigurationList;
			buildConfigurations = (
				61BD04092046D117007EAAE9 /* Debug */,
				61BD040A2046D117007EAAE9 /* Release */,
			);
			defaultConfigurationIsVisible = 0;
			defaultConfigurationName = Release;
		};
		61BD040B2046D117007EAAE9 /* Build configuration list for PBXNativeTarget "spaceHackathon" */ = {
			isa = XCConfigurationList;
			buildConfigurations = (
				61BD040C2046D117007EAAE9 /* Debug */,
				61BD040D2046D117007EAAE9 /* Release */,
			);
			defaultConfigurationIsVisible = 0;
			defaultConfigurationName = Release;
		};
		61BD040E2046D117007EAAE9 /* Build configuration list for PBXNativeTarget "spaceHackathonTests" */ = {
			isa = XCConfigurationList;
			buildConfigurations = (
				61BD040F2046D117007EAAE9 /* Debug */,
				61BD04102046D117007EAAE9 /* Release */,
			);
			defaultConfigurationIsVisible = 0;
			defaultConfigurationName = Release;
		};
/* End XCConfigurationList section */
	};
	rootObject = 61BD03E42046D115007EAAE9 /* Project object */;
}
