
Microsoft Visual Studio Solution File, Format Version 12.00
# Visual Studio 15
VisualStudioVersion = 15.0.27130.2036
MinimumVisualStudioVersion = 10.0.40219.1
Project("{FAE04EC0-301F-11D3-BF4B-00C04F79EFBC}") = "robot_test_console", "robot_test_console\robot_test_console.csproj", "{5C0F00AC-88FB-41D8-9541-032B8A9BC899}"
EndProject
Project("{FAE04EC0-301F-11D3-BF4B-00C04F79EFBC}") = "NKH.MindSqualls", "..\NKH.MindSqualls\NKH.MindSqualls.csproj", "{9973018E-FC09-4549-A484-0B702ADE1EE9}"
EndProject
Project("{FAE04EC0-301F-11D3-BF4B-00C04F79EFBC}") = "WinUsbWrapper", "..\NKH.MindSqualls\WinUsbWrapper\WinUsbWrapper.csproj", "{40C6E946-D5AC-43B8-AEDE-D896E9CBB3E2}"
EndProject
Project("{FAE04EC0-301F-11D3-BF4B-00C04F79EFBC}") = "sat_comms", "..\sat_comms\sat_comms.csproj", "{A301C8E8-E3EB-482C-882E-5B274395FED5}"
EndProject
Project("{FAE04EC0-301F-11D3-BF4B-00C04F79EFBC}") = "server_comms", "..\server_comms\server_comms.csproj", "{93A362C3-6E3E-47E5-9432-C4A43936821C}"
EndProject
Global
	GlobalSection(SolutionConfigurationPlatforms) = preSolution
		Debug|Any CPU = Debug|Any CPU
		Release|Any CPU = Release|Any CPU
	EndGlobalSection
	GlobalSection(ProjectConfigurationPlatforms) = postSolution
		{5C0F00AC-88FB-41D8-9541-032B8A9BC899}.Debug|Any CPU.ActiveCfg = Debug|Any CPU
		{5C0F00AC-88FB-41D8-9541-032B8A9BC899}.Debug|Any CPU.Build.0 = Debug|Any CPU
		{5C0F00AC-88FB-41D8-9541-032B8A9BC899}.Release|Any CPU.ActiveCfg = Release|Any CPU
		{5C0F00AC-88FB-41D8-9541-032B8A9BC899}.Release|Any CPU.Build.0 = Release|Any CPU
		{9973018E-FC09-4549-A484-0B702ADE1EE9}.Debug|Any CPU.ActiveCfg = Debug|Any CPU
		{9973018E-FC09-4549-A484-0B702ADE1EE9}.Debug|Any CPU.Build.0 = Debug|Any CPU
		{9973018E-FC09-4549-A484-0B702ADE1EE9}.Release|Any CPU.ActiveCfg = Release|Any CPU
		{9973018E-FC09-4549-A484-0B702ADE1EE9}.Release|Any CPU.Build.0 = Release|Any CPU
		{40C6E946-D5AC-43B8-AEDE-D896E9CBB3E2}.Debug|Any CPU.ActiveCfg = Debug|Any CPU
		{40C6E946-D5AC-43B8-AEDE-D896E9CBB3E2}.Debug|Any CPU.Build.0 = Debug|Any CPU
		{40C6E946-D5AC-43B8-AEDE-D896E9CBB3E2}.Release|Any CPU.ActiveCfg = Release|Any CPU
		{40C6E946-D5AC-43B8-AEDE-D896E9CBB3E2}.Release|Any CPU.Build.0 = Release|Any CPU
		{A301C8E8-E3EB-482C-882E-5B274395FED5}.Debug|Any CPU.ActiveCfg = Debug|Any CPU
		{A301C8E8-E3EB-482C-882E-5B274395FED5}.Debug|Any CPU.Build.0 = Debug|Any CPU
		{A301C8E8-E3EB-482C-882E-5B274395FED5}.Release|Any CPU.ActiveCfg = Release|Any CPU
		{A301C8E8-E3EB-482C-882E-5B274395FED5}.Release|Any CPU.Build.0 = Release|Any CPU
		{93A362C3-6E3E-47E5-9432-C4A43936821C}.Debug|Any CPU.ActiveCfg = Debug|Any CPU
		{93A362C3-6E3E-47E5-9432-C4A43936821C}.Debug|Any CPU.Build.0 = Debug|Any CPU
		{93A362C3-6E3E-47E5-9432-C4A43936821C}.Release|Any CPU.ActiveCfg = Release|Any CPU
		{93A362C3-6E3E-47E5-9432-C4A43936821C}.Release|Any CPU.Build.0 = Release|Any CPU
	EndGlobalSection
	GlobalSection(SolutionProperties) = preSolution
		HideSolutionNode = FALSE
	EndGlobalSection
	GlobalSection(ExtensibilityGlobals) = postSolution
		SolutionGuid = {4A613CF0-9253-4732-A525-8B82E9903673}
	EndGlobalSection
EndGlobal
